
Microsoft Visual Studio Solution File, Format Version 12.00
# Visual Studio Version 17
VisualStudioVersion = 17.14.37614.0 d17.14
MinimumVisualStudioVersion = 10.0.40219.1
Project("{FAE04EC0-301F-11D3-BF4B-00C04F79EFBC}") = "WcfServiceApplication", "WcfServiceApplication.csproj", "{857091A9-1942-4975-8547-81C6D4C0210C}"
EndProject
Project("{FAE04EC0-301F-11D3-BF4B-00C04F79EFBC}") = "ClienteWCF", "..\ClienteWCF\ClienteWCF.csproj", "{62E0DEE1-A7CE-4D1F-96F4-796AAAC2A14C}"
	ProjectSection(ProjectDependencies) = postProject
		{857091A9-1942-4975-8547-81C6D4C0210C} = {857091A9-1942-4975-8547-81C6D4C0210C}
	EndProjectSection
EndProject
Global
	GlobalSection(SolutionConfigurationPlatforms) = preSolution
		Debug|Any CPU = Debug|Any CPU
		Release|Any CPU = Release|Any CPU
	EndGlobalSection
	GlobalSection(ProjectConfigurationPlatforms) = postSolution
		{857091A9-1942-4975-8547-81C6D4C0210C}.Debug|Any CPU.ActiveCfg = Debug|Any CPU
		{857091A9-1942-4975-8547-81C6D4C0210C}.Debug|Any CPU.Build.0 = Debug|Any CPU
		{857091A9-1942-4975-8547-81C6D4C0210C}.Release|Any CPU.ActiveCfg = Release|Any CPU
		{857091A9-1942-4975-8547-81C6D4C0210C}.Release|Any CPU.Build.0 = Release|Any CPU
		{62E0DEE1-A7CE-4D1F-96F4-796AAAC2A14C}.Debug|Any CPU.ActiveCfg = Debug|Any CPU
		{62E0DEE1-A7CE-4D1F-96F4-796AAAC2A14C}.Debug|Any CPU.Build.0 = Debug|Any CPU
		{62E0DEE1-A7CE-4D1F-96F4-796AAAC2A14C}.Release|Any CPU.ActiveCfg = Release|Any CPU
		{62E0DEE1-A7CE-4D1F-96F4-796AAAC2A14C}.Release|Any CPU.Build.0 = Release|Any CPU
	EndGlobalSection
	GlobalSection(SolutionProperties) = preSolution
		HideSolutionNode = FALSE
	EndGlobalSection
	GlobalSection(ExtensibilityGlobals) = postSolution
		SolutionGuid = {82FF8233-2BA2-4103-A74E-D2F36D4A33A3}
	EndGlobalSection
EndGlobal
